Microsoft Visual Studio Solution File, Format Version 11.00
# Visual Studio 2008

Project("{4B471C1D-8D68-7DAD-7C46-79E3A01C752A}") = "ViveVR-GiantKiller", "Assembly-CSharp-firstpass-vs.csproj", "{D53CF80C-8415-593E-0650-EDFEC1F4D01C}"
EndProject
Project("{4B471C1D-8D68-7DAD-7C46-79E3A01C752A}") = "ViveVR-GiantKiller", "Assembly-CSharp-vs.csproj", "{9EF394C8-F3EA-F296-DEEB-3559377C9893}"
EndProject
Project("{4B471C1D-8D68-7DAD-7C46-79E3A01C752A}") = "ViveVR-GiantKiller", "Assembly-CSharp-Editor-vs.csproj", "{098A9D27-2198-C882-218B-18AEDE743684}"
EndProject
Global
	GlobalSection(SolutionConfigurationPlatforms) = preSolution
		Debug|Any CPU = Debug|Any CPU
		Release|Any CPU = Release|Any CPU
	EndGlobalSection
	GlobalSection(ProjectConfigurationPlatforms) = postSolution
		{D53CF80C-8415-593E-0650-EDFEC1F4D01C}.Debug|Any CPU.ActiveCfg = Debug|Any CPU
		{D53CF80C-8415-593E-0650-EDFEC1F4D01C}.Debug|Any CPU.Build.0 = Debug|Any CPU
		{D53CF80C-8415-593E-0650-EDFEC1F4D01C}.Release|Any CPU.ActiveCfg = Release|Any CPU
		{D53CF80C-8415-593E-0650-EDFEC1F4D01C}.Release|Any CPU.Build.0 = Release|Any CPU
		{9EF394C8-F3EA-F296-DEEB-3559377C9893}.Debug|Any CPU.ActiveCfg = Debug|Any CPU
		{9EF394C8-F3EA-F296-DEEB-3559377C9893}.Debug|Any CPU.Build.0 = Debug|Any CPU
		{9EF394C8-F3EA-F296-DEEB-3559377C9893}.Release|Any CPU.ActiveCfg = Release|Any CPU
		{9EF394C8-F3EA-F296-DEEB-3559377C9893}.Release|Any CPU.Build.0 = Release|Any CPU
		{098A9D27-2198-C882-218B-18AEDE743684}.Debug|Any CPU.ActiveCfg = Debug|Any CPU
		{098A9D27-2198-C882-218B-18AEDE743684}.Debug|Any CPU.Build.0 = Debug|Any CPU
		{098A9D27-2198-C882-218B-18AEDE743684}.Release|Any CPU.ActiveCfg = Release|Any CPU
		{098A9D27-2198-C882-218B-18AEDE743684}.Release|Any CPU.Build.0 = Release|Any CPU
	EndGlobalSection
	GlobalSection(SolutionProperties) = preSolution
		HideSolutionNode = FALSE
	EndGlobalSection
		GlobalSection(MonoDevelopProperties) = preSolution
		StartupItem = Assembly-CSharp.csproj
		Policies = $0
		$0.TextStylePolicy = $1
		$1.inheritsSet = null
		$1.scope = text/x-csharp
		$0.CSharpFormattingPolicy = $2
		$2.inheritsSet = Mono
		$2.inheritsScope = text/x-csharp
		$2.scope = text/x-csharp
		$0.TextStylePolicy = $3
		$3.FileWidth = 120
		$3.TabWidth = 4
		$3.IndentWidth = 4
		$3.EolMarker = Unix
		$3.inheritsSet = Mono
		$3.inheritsScope = text/plain
		$3.scope = text/plain
	EndGlobalSection

EndGlobal
